
Microsoft Visual Studio Solution File, Format Version 12.00
# Visual Studio Version 16
VisualStudioVersion = 16.0.30320.27
MinimumVisualStudioVersion = 10.0.40219.1
Project("{9A19103F-16F7-4668-BE54-9A1E7A4F7556}") = "PointOS.Common", "PointOS.Common\PointOS.Common.csproj", "{C4FEFB86-B9A9-4769-883F-5CD151ED10FD}"
EndProject
Project("{9A19103F-16F7-4668-BE54-9A1E7A4F7556}") = "PointOS.BusinessLogic", "PointOS.BusinessLogic\PointOS.BusinessLogic.csproj", "{73EA926F-9B93-4146-8375-40B159D97896}"
EndProject
Project("{9A19103F-16F7-4668-BE54-9A1E7A4F7556}") = "PointOS.DataAccess", "PointOS.DataAccess\PointOS.DataAccess.csproj", "{BA452F10-502A-4F83-B697-620FCDFB017A}"
EndProject
Project("{9A19103F-16F7-4668-BE54-9A1E7A4F7556}") = "PointOS.Api", "PointOS.Api\PointOS.Api.csproj", "{D570824E-65F3-4150-9B31-5A96EF3A973F}"
EndProject
Project("{9A19103F-16F7-4668-BE54-9A1E7A4F7556}") = "PointOS", "PointOS\PointOS.csproj", "{F92849D8-C843-4EDB-B7FC-0D17E03D3655}"
EndProject
Global
	GlobalSection(SolutionConfigurationPlatforms) = preSolution
		Debug|Any CPU = Debug|Any CPU
		Release|Any CPU = Release|Any CPU
	EndGlobalSection
	GlobalSection(ProjectConfigurationPlatforms) = postSolution
		{C4FEFB86-B9A9-4769-883F-5CD151ED10FD}.Debug|Any CPU.ActiveCfg = Debug|Any CPU
		{C4FEFB86-B9A9-4769-883F-5CD151ED10FD}.Debug|Any CPU.Build.0 = Debug|Any CPU
		{C4FEFB86-B9A9-4769-883F-5CD151ED10FD}.Release|Any CPU.ActiveCfg = Release|Any CPU
		{C4FEFB86-B9A9-4769-883F-5CD151ED10FD}.Release|Any CPU.Build.0 = Release|Any CPU
		{73EA926F-9B93-4146-8375-40B159D97896}.Debug|Any CPU.ActiveCfg = Debug|Any CPU
		{73EA926F-9B93-4146-8375-40B159D97896}.Debug|Any CPU.Build.0 = Debug|Any CPU
		{73EA926F-9B93-4146-8375-40B159D97896}.Release|Any CPU.ActiveCfg = Release|Any CPU
		{73EA926F-9B93-4146-8375-40B159D97896}.Release|Any CPU.Build.0 = Release|Any CPU
		{BA452F10-502A-4F83-B697-620FCDFB017A}.Debug|Any CPU.ActiveCfg = Debug|Any CPU
		{BA452F10-502A-4F83-B697-620FCDFB017A}.Debug|Any CPU.Build.0 = Debug|Any CPU
		{BA452F10-502A-4F83-B697-620FCDFB017A}.Release|Any CPU.ActiveCfg = Release|Any CPU
		{BA452F10-502A-4F83-B697-620FCDFB017A}.Release|Any CPU.Build.0 = Release|Any CPU
		{D570824E-65F3-4150-9B31-5A96EF3A973F}.Debug|Any CPU.ActiveCfg = Debug|Any CPU
		{D570824E-65F3-4150-9B31-5A96EF3A973F}.Debug|Any CPU.Build.0 = Debug|Any CPU
		{D570824E-65F3-4150-9B31-5A96EF3A973F}.Release|Any CPU.ActiveCfg = Release|Any CPU
		{D570824E-65F3-4150-9B31-5A96EF3A973F}.Release|Any CPU.Build.0 = Release|Any CPU
		{F92849D8-C843-4EDB-B7FC-0D17E03D3655}.Debug|Any CPU.ActiveCfg = Debug|Any CPU
		{F92849D8-C843-4EDB-B7FC-0D17E03D3655}.Debug|Any CPU.Build.0 = Debug|Any CPU
		{F92849D8-C843-4EDB-B7FC-0D17E03D3655}.Release|Any CPU.ActiveCfg = Release|Any CPU
		{F92849D8-C843-4EDB-B7FC-0D17E03D3655}.Release|Any CPU.Build.0 = Release|Any CPU
	EndGlobalSection
	GlobalSection(SolutionProperties) = preSolution
		HideSolutionNode = FALSE
	EndGlobalSection
	GlobalSection(ExtensibilityGlobals) = postSolution
		SolutionGuid = {410CF7F0-FE7F-4B08-AD69-E9598A02BDD7}
	EndGlobalSection
EndGlobal
